
Microsoft Visual Studio Solution File, Format Version 12.00
# Visual Studio Version 17
VisualStudioVersion = 17.1.32210.238
MinimumVisualStudioVersion = 10.0.40219.1
Project("{FAE04EC0-301F-11D3-BF4B-00C04F79EFBC}") = "MyServer", "MyServer\MyServer.csproj", "{005C4F20-D49E-475F-812C-CEB082AA00D9}"
EndProject
Project("{FAE04EC0-301F-11D3-BF4B-00C04F79EFBC}") = "MyClient", "MyClient\MyClient.csproj", "{27160A40-06B7-483C-A2FB-3FE9B406D8AD}"
EndProject
Global
	GlobalSection(SolutionConfigurationPlatforms) = preSolution
		Debug|Any CPU = Debug|Any CPU
		Release|Any CPU = Release|Any CPU
	EndGlobalSection
	GlobalSection(ProjectConfigurationPlatforms) = postSolution
		{005C4F20-D49E-475F-812C-CEB082AA00D9}.Debug|Any CPU.ActiveCfg = Debug|Any CPU
		{005C4F20-D49E-475F-812C-CEB082AA00D9}.Debug|Any CPU.Build.0 = Debug|Any CPU
		{005C4F20-D49E-475F-812C-CEB082AA00D9}.Release|Any CPU.ActiveCfg = Release|Any CPU
		{005C4F20-D49E-475F-812C-CEB082AA00D9}.Release|Any CPU.Build.0 = Release|Any CPU
		{27160A40-06B7-483C-A2FB-3FE9B406D8AD}.Debug|Any CPU.ActiveCfg = Debug|Any CPU
		{27160A40-06B7-483C-A2FB-3FE9B406D8AD}.Debug|Any CPU.Build.0 = Debug|Any CPU
		{27160A40-06B7-483C-A2FB-3FE9B406D8AD}.Release|Any CPU.ActiveCfg = Release|Any CPU
		{27160A40-06B7-483C-A2FB-3FE9B406D8AD}.Release|Any CPU.Build.0 = Release|Any CPU
	EndGlobalSection
	GlobalSection(SolutionProperties) = preSolution
		HideSolutionNode = FALSE
	EndGlobalSection
	GlobalSection(ExtensibilityGlobals) = postSolution
		SolutionGuid = {5ED6C5F7-9A8F-4F99-9FC0-5323204CD984}
	EndGlobalSection
EndGlobal
